
Microsoft Visual Studio Solution File, Format Version 12.00
# Visual Studio Version 17
VisualStudioVersion = 17.0.31903.59
MinimumVisualStudioVersion = 10.0.40219.1
Project("{2150E333-8FDC-42A3-9474-1A3956D46DE8}") = "Solution Items", "Solution Items", "{075BB1EB-5CB0-47EA-BE2E-BB02C848B406}"
	ProjectSection(SolutionItems) = preProject
		.editorconfig = .editorconfig
		tests\.editorconfig = tests\.editorconfig
		Directory.Build.props = Directory.Build.props
		src\Directory.Build.props = src\Directory.Build.props
		Directory.Packages.props = Directory.Packages.props
	EndProjectSection
EndProject
Project("{2150E333-8FDC-42A3-9474-1A3956D46DE8}") = "src", "src", "{CE4C48C1-7120-4A23-9C99-F1F1ADCF6777}"
EndProject
Project("{FAE04EC0-301F-11D3-BF4B-00C04F79EFBC}") = "Attribinter.Parameters.Representations.Constructor.Core", "src\Attribinter.Parameters.Representations.Constructor.Core\Attribinter.Parameters.Representations.Constructor.Core.csproj", "{B42B923E-ADAD-4AC4-813A-03B4B67555F1}"
EndProject
Project("{2150E333-8FDC-42A3-9474-1A3956D46DE8}") = "tests", "tests", "{CAE7B298-C677-4F10-B3E4-C249FC620325}"
EndProject
Project("{2150E333-8FDC-42A3-9474-1A3956D46DE8}") = "integration", "integration", "{4D274DFF-F688-4771-924D-1A961BDA18D1}"
EndProject
Project("{2150E333-8FDC-42A3-9474-1A3956D46DE8}") = "unit", "unit", "{797B27A2-0E77-45F2-9A84-12E368D45D0B}"
EndProject
Project("{FAE04EC0-301F-11D3-BF4B-00C04F79EFBC}") = "Attribinter.Parameters.Representations.Constructor.Abstractions", "src\Attribinter.Parameters.Representations.Constructor.Abstractions\Attribinter.Parameters.Representations.Constructor.Abstractions.csproj", "{D63EFBE3-C790-47F6-8950-4E2700CD2D0F}"
EndProject
Project("{FAE04EC0-301F-11D3-BF4B-00C04F79EFBC}") = "Attribinter.Parameters.Representations.Constructor", "src\Attribinter.Parameters.Representations.Constructor\Attribinter.Parameters.Representations.Constructor.csproj", "{134DDB95-8090-4A6D-9CB4-560220E268DA}"
EndProject
Project("{FAE04EC0-301F-11D3-BF4B-00C04F79EFBC}") = "Attribinter.Parameters.Representations.Constructor.DependencyInjection", "src\Attribinter.Parameters.Representations.Constructor.DependencyInjection\Attribinter.Parameters.Representations.Constructor.DependencyInjection.csproj", "{E11944D8-CCDA-42E6-8BB5-4FAAB28F7AC8}"
EndProject
Project("{FAE04EC0-301F-11D3-BF4B-00C04F79EFBC}") = "Attribinter.Parameters.Representations.Constructor.IntegrationTests", "tests\integration\Attribinter.Parameters.Representations.Constructor.IntegrationTests\Attribinter.Parameters.Representations.Constructor.IntegrationTests.csproj", "{8C78A565-925E-491A-9018-870AC7D63DF3}"
EndProject
Project("{FAE04EC0-301F-11D3-BF4B-00C04F79EFBC}") = "Attribinter.Parameters.Representations.Constructor.UnitTests", "tests\unit\Attribinter.Parameters.Representations.Constructor.UnitTests\Attribinter.Parameters.Representations.Constructor.UnitTests.csproj", "{162875B0-782D-405F-8300-940A30065371}"
EndProject
Global
	GlobalSection(SolutionConfigurationPlatforms) = preSolution
		Debug|Any CPU = Debug|Any CPU
		Release|Any CPU = Release|Any CPU
	EndGlobalSection
	GlobalSection(ProjectConfigurationPlatforms) = postSolution
		{B42B923E-ADAD-4AC4-813A-03B4B67555F1}.Debug|Any CPU.ActiveCfg = Debug|Any CPU
		{B42B923E-ADAD-4AC4-813A-03B4B67555F1}.Debug|Any CPU.Build.0 = Debug|Any CPU
		{B42B923E-ADAD-4AC4-813A-03B4B67555F1}.Release|Any CPU.ActiveCfg = Release|Any CPU
		{B42B923E-ADAD-4AC4-813A-03B4B67555F1}.Release|Any CPU.Build.0 = Release|Any CPU
		{D63EFBE3-C790-47F6-8950-4E2700CD2D0F}.Debug|Any CPU.ActiveCfg = Debug|Any CPU
		{D63EFBE3-C790-47F6-8950-4E2700CD2D0F}.Debug|Any CPU.Build.0 = Debug|Any CPU
		{D63EFBE3-C790-47F6-8950-4E2700CD2D0F}.Release|Any CPU.ActiveCfg = Release|Any CPU
		{D63EFBE3-C790-47F6-8950-4E2700CD2D0F}.Release|Any CPU.Build.0 = Release|Any CPU
		{134DDB95-8090-4A6D-9CB4-560220E268DA}.Debug|Any CPU.ActiveCfg = Debug|Any CPU
		{134DDB95-8090-4A6D-9CB4-560220E268DA}.Debug|Any CPU.Build.0 = Debug|Any CPU
		{134DDB95-8090-4A6D-9CB4-560220E268DA}.Release|Any CPU.ActiveCfg = Release|Any CPU
		{134DDB95-8090-4A6D-9CB4-560220E268DA}.Release|Any CPU.Build.0 = Release|Any CPU
		{E11944D8-CCDA-42E6-8BB5-4FAAB28F7AC8}.Debug|Any CPU.ActiveCfg = Debug|Any CPU
		{E11944D8-CCDA-42E6-8BB5-4FAAB28F7AC8}.Debug|Any CPU.Build.0 = Debug|Any CPU
		{E11944D8-CCDA-42E6-8BB5-4FAAB28F7AC8}.Release|Any CPU.ActiveCfg = Release|Any CPU
		{E11944D8-CCDA-42E6-8BB5-4FAAB28F7AC8}.Release|Any CPU.Build.0 = Release|Any CPU
		{8C78A565-925E-491A-9018-870AC7D63DF3}.Debug|Any CPU.ActiveCfg = Debug|Any CPU
		{8C78A565-925E-491A-9018-870AC7D63DF3}.Debug|Any CPU.Build.0 = Debug|Any CPU
		{8C78A565-925E-491A-9018-870AC7D63DF3}.Release|Any CPU.ActiveCfg = Release|Any CPU
		{8C78A565-925E-491A-9018-870AC7D63DF3}.Release|Any CPU.Build.0 = Release|Any CPU
		{162875B0-782D-405F-8300-940A30065371}.Debug|Any CPU.ActiveCfg = Debug|Any CPU
		{162875B0-782D-405F-8300-940A30065371}.Debug|Any CPU.Build.0 = Debug|Any CPU
		{162875B0-782D-405F-8300-940A30065371}.Release|Any CPU.ActiveCfg = Release|Any CPU
		{162875B0-782D-405F-8300-940A30065371}.Release|Any CPU.Build.0 = Release|Any CPU
	EndGlobalSection
	GlobalSection(SolutionProperties) = preSolution
		HideSolutionNode = FALSE
	EndGlobalSection
	GlobalSection(NestedProjects) = preSolution
		{B42B923E-ADAD-4AC4-813A-03B4B67555F1} = {CE4C48C1-7120-4A23-9C99-F1F1ADCF6777}
		{4D274DFF-F688-4771-924D-1A961BDA18D1} = {CAE7B298-C677-4F10-B3E4-C249FC620325}
		{797B27A2-0E77-45F2-9A84-12E368D45D0B} = {CAE7B298-C677-4F10-B3E4-C249FC620325}
		{D63EFBE3-C790-47F6-8950-4E2700CD2D0F} = {CE4C48C1-7120-4A23-9C99-F1F1ADCF6777}
		{134DDB95-8090-4A6D-9CB4-560220E268DA} = {CE4C48C1-7120-4A23-9C99-F1F1ADCF6777}
		{E11944D8-CCDA-42E6-8BB5-4FAAB28F7AC8} = {CE4C48C1-7120-4A23-9C99-F1F1ADCF6777}
		{8C78A565-925E-491A-9018-870AC7D63DF3} = {4D274DFF-F688-4771-924D-1A961BDA18D1}
		{162875B0-782D-405F-8300-940A30065371} = {797B27A2-0E77-45F2-9A84-12E368D45D0B}
	EndGlobalSection
EndGlobal
