
Microsoft Visual Studio Solution File, Format Version 12.00
# Visual Studio Version 17
VisualStudioVersion = 17.0.31903.59
MinimumVisualStudioVersion = 10.0.40219.1
Project("{2150E333-8FDC-42A3-9474-1A3956D46DE8}") = "Solution Items", "Solution Items", "{075BB1EB-5CB0-47EA-BE2E-BB02C848B406}"
	ProjectSection(SolutionItems) = preProject
		.editorconfig = .editorconfig
		tests\.editorconfig = tests\.editorconfig
		Directory.Build.props = Directory.Build.props
		src\Directory.Build.props = src\Directory.Build.props
		tests\Directory.Build.props = tests\Directory.Build.props
		Directory.Packages.props = Directory.Packages.props
	EndProjectSection
EndProject
Project("{9A19103F-16F7-4668-BE54-9A1E7A4F7556}") = "Paraminter.Parameters.Representations.Normal.Core", "src\Paraminter.Parameters.Representations.Normal.Core\Paraminter.Parameters.Representations.Normal.Core.csproj", "{A6B7B594-57C4-4613-9809-4654EA529032}"
EndProject
Project("{9A19103F-16F7-4668-BE54-9A1E7A4F7556}") = "Paraminter.Parameters.Representations.Normal.Abstractions", "src\Paraminter.Parameters.Representations.Normal.Abstractions\Paraminter.Parameters.Representations.Normal.Abstractions.csproj", "{203D7FFD-12E3-4887-A9AF-A6AAEEC94791}"
EndProject
Project("{9A19103F-16F7-4668-BE54-9A1E7A4F7556}") = "Paraminter.Parameters.Representations.Normal", "src\Paraminter.Parameters.Representations.Normal\Paraminter.Parameters.Representations.Normal.csproj", "{BDE16477-4D66-4330-BE75-CA7DBFBC1A2B}"
EndProject
Project("{9A19103F-16F7-4668-BE54-9A1E7A4F7556}") = "Paraminter.Parameters.Representations.Normal.DependencyInjection", "src\Paraminter.Parameters.Representations.Normal.DependencyInjection\Paraminter.Parameters.Representations.Normal.DependencyInjection.csproj", "{E731A7D9-A448-446B-9EA7-36B33DDA6205}"
EndProject
Project("{9A19103F-16F7-4668-BE54-9A1E7A4F7556}") = "Paraminter.Parameters.Representations.Normal.IntegrationTests", "tests\integration\Paraminter.Parameters.Representations.Normal.IntegrationTests\Paraminter.Parameters.Representations.Normal.IntegrationTests.csproj", "{95C4BF58-1FED-4701-9E73-655A224FBB7C}"
EndProject
Project("{9A19103F-16F7-4668-BE54-9A1E7A4F7556}") = "Paraminter.Parameters.Representations.Normal.UnitTests", "tests\unit\Paraminter.Parameters.Representations.Normal.UnitTests\Paraminter.Parameters.Representations.Normal.UnitTests.csproj", "{11DD8848-D3E3-42E7-95D8-F361097A7FEC}"
EndProject
Global
	GlobalSection(SolutionConfigurationPlatforms) = preSolution
		Debug|Any CPU = Debug|Any CPU
		Release|Any CPU = Release|Any CPU
	EndGlobalSection
	GlobalSection(ProjectConfigurationPlatforms) = postSolution
		{A6B7B594-57C4-4613-9809-4654EA529032}.Debug|Any CPU.ActiveCfg = Debug|Any CPU
		{A6B7B594-57C4-4613-9809-4654EA529032}.Debug|Any CPU.Build.0 = Debug|Any CPU
		{A6B7B594-57C4-4613-9809-4654EA529032}.Release|Any CPU.ActiveCfg = Release|Any CPU
		{A6B7B594-57C4-4613-9809-4654EA529032}.Release|Any CPU.Build.0 = Release|Any CPU
		{203D7FFD-12E3-4887-A9AF-A6AAEEC94791}.Debug|Any CPU.ActiveCfg = Debug|Any CPU
		{203D7FFD-12E3-4887-A9AF-A6AAEEC94791}.Debug|Any CPU.Build.0 = Debug|Any CPU
		{203D7FFD-12E3-4887-A9AF-A6AAEEC94791}.Release|Any CPU.ActiveCfg = Release|Any CPU
		{203D7FFD-12E3-4887-A9AF-A6AAEEC94791}.Release|Any CPU.Build.0 = Release|Any CPU
		{BDE16477-4D66-4330-BE75-CA7DBFBC1A2B}.Debug|Any CPU.ActiveCfg = Debug|Any CPU
		{BDE16477-4D66-4330-BE75-CA7DBFBC1A2B}.Debug|Any CPU.Build.0 = Debug|Any CPU
		{BDE16477-4D66-4330-BE75-CA7DBFBC1A2B}.Release|Any CPU.ActiveCfg = Release|Any CPU
		{BDE16477-4D66-4330-BE75-CA7DBFBC1A2B}.Release|Any CPU.Build.0 = Release|Any CPU
		{E731A7D9-A448-446B-9EA7-36B33DDA6205}.Debug|Any CPU.ActiveCfg = Debug|Any CPU
		{E731A7D9-A448-446B-9EA7-36B33DDA6205}.Debug|Any CPU.Build.0 = Debug|Any CPU
		{E731A7D9-A448-446B-9EA7-36B33DDA6205}.Release|Any CPU.ActiveCfg = Release|Any CPU
		{E731A7D9-A448-446B-9EA7-36B33DDA6205}.Release|Any CPU.Build.0 = Release|Any CPU
		{95C4BF58-1FED-4701-9E73-655A224FBB7C}.Debug|Any CPU.ActiveCfg = Debug|Any CPU
		{95C4BF58-1FED-4701-9E73-655A224FBB7C}.Debug|Any CPU.Build.0 = Debug|Any CPU
		{95C4BF58-1FED-4701-9E73-655A224FBB7C}.Release|Any CPU.ActiveCfg = Release|Any CPU
		{95C4BF58-1FED-4701-9E73-655A224FBB7C}.Release|Any CPU.Build.0 = Release|Any CPU
		{11DD8848-D3E3-42E7-95D8-F361097A7FEC}.Debug|Any CPU.ActiveCfg = Debug|Any CPU
		{11DD8848-D3E3-42E7-95D8-F361097A7FEC}.Debug|Any CPU.Build.0 = Debug|Any CPU
		{11DD8848-D3E3-42E7-95D8-F361097A7FEC}.Release|Any CPU.ActiveCfg = Release|Any CPU
		{11DD8848-D3E3-42E7-95D8-F361097A7FEC}.Release|Any CPU.Build.0 = Release|Any CPU
	EndGlobalSection
	GlobalSection(SolutionProperties) = preSolution
		HideSolutionNode = FALSE
	EndGlobalSection
	GlobalSection(ExtensibilityGlobals) = postSolution
		SolutionGuid = {6D1923E9-874A-4DB1-9C69-62012F0898FD}
	EndGlobalSection
EndGlobal
