
Microsoft Visual Studio Solution File, Format Version 12.00
# Visual Studio Version 17
VisualStudioVersion = 17.0.31903.59
MinimumVisualStudioVersion = 10.0.40219.1
Project("{2150E333-8FDC-42A3-9474-1A3956D46DE8}") = "Solution Items", "Solution Items", "{075BB1EB-5CB0-47EA-BE2E-BB02C848B406}"
	ProjectSection(SolutionItems) = preProject
		.editorconfig = .editorconfig
		tests\.editorconfig = tests\.editorconfig
		Directory.Build.props = Directory.Build.props
		src\Directory.Build.props = src\Directory.Build.props
		Directory.Packages.props = Directory.Packages.props
		tests\Directory.Build.props = tests\Directory.Build.props
	EndProjectSection
EndProject
Project("{9A19103F-16F7-4668-BE54-9A1E7A4F7556}") = "Paraminter.Parameters.Representations.Constructor.Core", "src\Paraminter.Parameters.Representations.Constructor.Core\Paraminter.Parameters.Representations.Constructor.Core.csproj", "{27243F5D-2B09-43F1-86A1-4ED64FE87610}"
EndProject
Project("{9A19103F-16F7-4668-BE54-9A1E7A4F7556}") = "Paraminter.Parameters.Representations.Constructor.Abstractions", "src\Paraminter.Parameters.Representations.Constructor.Abstractions\Paraminter.Parameters.Representations.Constructor.Abstractions.csproj", "{211A6A58-ABEA-4E76-9CCA-69A20F581094}"
EndProject
Project("{9A19103F-16F7-4668-BE54-9A1E7A4F7556}") = "Paraminter.Parameters.Representations.Constructor", "src\Paraminter.Parameters.Representations.Constructor\Paraminter.Parameters.Representations.Constructor.csproj", "{49BC0297-B9AB-47EF-BC78-DBCB6B3DE79F}"
EndProject
Project("{9A19103F-16F7-4668-BE54-9A1E7A4F7556}") = "Paraminter.Parameters.Representations.Constructor.DependencyInjection", "src\Paraminter.Parameters.Representations.Constructor.DependencyInjection\Paraminter.Parameters.Representations.Constructor.DependencyInjection.csproj", "{610C9F88-57EA-4F45-BD2B-D7A1EA66341F}"
EndProject
Project("{9A19103F-16F7-4668-BE54-9A1E7A4F7556}") = "Paraminter.Parameters.Representations.Constructor.IntegrationTests", "tests\integration\Paraminter.Parameters.Representations.Constructor.IntegrationTests\Paraminter.Parameters.Representations.Constructor.IntegrationTests.csproj", "{1F38AAEE-685F-498A-A89E-2858C8584AC5}"
EndProject
Project("{9A19103F-16F7-4668-BE54-9A1E7A4F7556}") = "Paraminter.Parameters.Representations.Constructor.UnitTests", "tests\unit\Paraminter.Parameters.Representations.Constructor.UnitTests\Paraminter.Parameters.Representations.Constructor.UnitTests.csproj", "{06FDEC1B-1B2C-4F7F-ABCB-2046998CEF74}"
EndProject
Global
	GlobalSection(SolutionConfigurationPlatforms) = preSolution
		Debug|Any CPU = Debug|Any CPU
		Release|Any CPU = Release|Any CPU
	EndGlobalSection
	GlobalSection(ProjectConfigurationPlatforms) = postSolution
		{27243F5D-2B09-43F1-86A1-4ED64FE87610}.Debug|Any CPU.ActiveCfg = Debug|Any CPU
		{27243F5D-2B09-43F1-86A1-4ED64FE87610}.Debug|Any CPU.Build.0 = Debug|Any CPU
		{27243F5D-2B09-43F1-86A1-4ED64FE87610}.Release|Any CPU.ActiveCfg = Release|Any CPU
		{27243F5D-2B09-43F1-86A1-4ED64FE87610}.Release|Any CPU.Build.0 = Release|Any CPU
		{211A6A58-ABEA-4E76-9CCA-69A20F581094}.Debug|Any CPU.ActiveCfg = Debug|Any CPU
		{211A6A58-ABEA-4E76-9CCA-69A20F581094}.Debug|Any CPU.Build.0 = Debug|Any CPU
		{211A6A58-ABEA-4E76-9CCA-69A20F581094}.Release|Any CPU.ActiveCfg = Release|Any CPU
		{211A6A58-ABEA-4E76-9CCA-69A20F581094}.Release|Any CPU.Build.0 = Release|Any CPU
		{49BC0297-B9AB-47EF-BC78-DBCB6B3DE79F}.Debug|Any CPU.ActiveCfg = Debug|Any CPU
		{49BC0297-B9AB-47EF-BC78-DBCB6B3DE79F}.Debug|Any CPU.Build.0 = Debug|Any CPU
		{49BC0297-B9AB-47EF-BC78-DBCB6B3DE79F}.Release|Any CPU.ActiveCfg = Release|Any CPU
		{49BC0297-B9AB-47EF-BC78-DBCB6B3DE79F}.Release|Any CPU.Build.0 = Release|Any CPU
		{610C9F88-57EA-4F45-BD2B-D7A1EA66341F}.Debug|Any CPU.ActiveCfg = Debug|Any CPU
		{610C9F88-57EA-4F45-BD2B-D7A1EA66341F}.Debug|Any CPU.Build.0 = Debug|Any CPU
		{610C9F88-57EA-4F45-BD2B-D7A1EA66341F}.Release|Any CPU.ActiveCfg = Release|Any CPU
		{610C9F88-57EA-4F45-BD2B-D7A1EA66341F}.Release|Any CPU.Build.0 = Release|Any CPU
		{1F38AAEE-685F-498A-A89E-2858C8584AC5}.Debug|Any CPU.ActiveCfg = Debug|Any CPU
		{1F38AAEE-685F-498A-A89E-2858C8584AC5}.Debug|Any CPU.Build.0 = Debug|Any CPU
		{1F38AAEE-685F-498A-A89E-2858C8584AC5}.Release|Any CPU.ActiveCfg = Release|Any CPU
		{1F38AAEE-685F-498A-A89E-2858C8584AC5}.Release|Any CPU.Build.0 = Release|Any CPU
		{06FDEC1B-1B2C-4F7F-ABCB-2046998CEF74}.Debug|Any CPU.ActiveCfg = Debug|Any CPU
		{06FDEC1B-1B2C-4F7F-ABCB-2046998CEF74}.Debug|Any CPU.Build.0 = Debug|Any CPU
		{06FDEC1B-1B2C-4F7F-ABCB-2046998CEF74}.Release|Any CPU.ActiveCfg = Release|Any CPU
		{06FDEC1B-1B2C-4F7F-ABCB-2046998CEF74}.Release|Any CPU.Build.0 = Release|Any CPU
	EndGlobalSection
	GlobalSection(SolutionProperties) = preSolution
		HideSolutionNode = FALSE
	EndGlobalSection
	GlobalSection(ExtensibilityGlobals) = postSolution
		SolutionGuid = {6D1923E9-874A-4DB1-9C69-62012F0898FD}
	EndGlobalSection
EndGlobal
